
Microsoft Visual Studio Solution File, Format Version 12.00
# Visual Studio Version 16
VisualStudioVersion = 16.0.33529.622
MinimumVisualStudioVersion = 10.0.40219.1
Project("{FAE04EC0-301F-11D3-BF4B-00C04F79EFBC}") = "MultipleImplemationPolymorphism", "MultipleImplemationPolymorphism\MultipleImplemationPolymorphism.csproj", "{202946CF-8D69-4031-A3E0-31E3330B362E}"
EndProject
Global
	GlobalSection(SolutionConfigurationPlatforms) = preSolution
		Debug|Any CPU = Debug|Any CPU
		Release|Any CPU = Release|Any CPU
	EndGlobalSection
	GlobalSection(ProjectConfigurationPlatforms) = postSolution
		{202946CF-8D69-4031-A3E0-31E3330B362E}.Debug|Any CPU.ActiveCfg = Debug|Any CPU
		{202946CF-8D69-4031-A3E0-31E3330B362E}.Debug|Any CPU.Build.0 = Debug|Any CPU
		{202946CF-8D69-4031-A3E0-31E3330B362E}.Release|Any CPU.ActiveCfg = Release|Any CPU
		{202946CF-8D69-4031-A3E0-31E3330B362E}.Release|Any CPU.Build.0 = Release|Any CPU
	EndGlobalSection
	GlobalSection(SolutionProperties) = preSolution
		HideSolutionNode = FALSE
	EndGlobalSection
	GlobalSection(ExtensibilityGlobals) = postSolution
		SolutionGuid = {9334C614-3A22-433F-A186-2ADDE0220AB7}
	EndGlobalSection
EndGlobal
